
Microsoft Visual Studio Solution File, Format Version 12.00
# Visual Studio Version 16
VisualStudioVersion = 16.0.29418.71
MinimumVisualStudioVersion = 10.0.40219.1
Project("{FAE04EC0-301F-11D3-BF4B-00C04F79EFBC}") = "ProjectShelf", "ProjectShelf.csproj", "{27D8A545-45A8-4657-8E70-AE02BD9172DB}"
EndProject
Global
	GlobalSection(SolutionConfigurationPlatforms) = preSolution
		Debug|Any CPU = Debug|Any CPU
		Release|Any CPU = Release|Any CPU
	EndGlobalSection
	GlobalSection(ProjectConfigurationPlatforms) = postSolution
		{27D8A545-45A8-4657-8E70-AE02BD9172DB}.Debug|Any CPU.ActiveCfg = Debug|Any CPU
		{27D8A545-45A8-4657-8E70-AE02BD9172DB}.Debug|Any CPU.Build.0 = Debug|Any CPU
		{27D8A545-45A8-4657-8E70-AE02BD9172DB}.Release|Any CPU.ActiveCfg = Release|Any CPU
		{27D8A545-45A8-4657-8E70-AE02BD9172DB}.Release|Any CPU.Build.0 = Release|Any CPU
	EndGlobalSection
	GlobalSection(SolutionProperties) = preSolution
		HideSolutionNode = FALSE
	EndGlobalSection
	GlobalSection(ExtensibilityGlobals) = postSolution
		SolutionGuid = {CA4BA552-A57B-4226-A616-2FEA9C76C4CA}
	EndGlobalSection
EndGlobal
